// !$*UTF8*$!
{
	archiveVersion = 1;
	classes = {
	};
	objectVersion = 56;
	objects = {

/* Begin PBXBuildFile section */
		760C7BA72C9D63A000CA78A6 /* Color+.swift in Sources */ = {isa = PBXBuildFile; fileRef = 760C7BA62C9D63A000CA78A6 /* Color+.swift */; };
		760C7BAA2C9D63DE00CA78A6 /* Constant.swift in Sources */ = {isa = PBXBuildFile; fileRef = 760C7BA92C9D63DE00CA78A6 /* Constant.swift */; };
		760C7BB22C9D6C8C00CA78A6 /* FSCalendar in Frameworks */ = {isa = PBXBuildFile; productRef = 760C7BB12C9D6C8C00CA78A6 /* FSCalendar */; };
		760C7BB42C9D6DF100CA78A6 /* FSCalendarView.swift in Sources */ = {isa = PBXBuildFile; fileRef = 760C7BB32C9D6DF100CA78A6 /* FSCalendarView.swift */; };
		7623B0E32CA1516500CFD90B /* CalendarViewModel.swift in Sources */ = {isa = PBXBuildFile; fileRef = 7623B0E22CA1516500CFD90B /* CalendarViewModel.swift */; };
		7623B0E72CA1541400CFD90B /* SmokingData.swift in Sources */ = {isa = PBXBuildFile; fileRef = 7623B0E62CA1541400CFD90B /* SmokingData.swift */; };
		7691D5AD2C9BE5A000AE5C14 /* NoDamHaJangApp.swift in Sources */ = {isa = PBXBuildFile; fileRef = 7691D5AC2C9BE5A000AE5C14 /* NoDamHaJangApp.swift */; };
		7691D5B12C9BE5A100AE5C14 /* Assets.xcassets in Resources */ = {isa = PBXBuildFile; fileRef = 7691D5B02C9BE5A100AE5C14 /* Assets.xcassets */; };
		7691D5B42C9BE5A100AE5C14 /* Preview Assets.xcassets in Resources */ = {isa = PBXBuildFile; fileRef = 7691D5B32C9BE5A100AE5C14 /* Preview Assets.xcassets */; };
		7691D5BB2C9BE5CF00AE5C14 /* .gitignore in Resources */ = {isa = PBXBuildFile; fileRef = 7691D5BA2C9BE5CF00AE5C14 /* .gitignore */; };
		769AA1ED2CA53B5400CEE5DE /* LinkListView.swift in Sources */ = {isa = PBXBuildFile; fileRef = 769AA1EC2CA53B5400CEE5DE /* LinkListView.swift */; };
		769AA1EF2CA53C2500CEE5DE /* CustomWKWebView.swift in Sources */ = {isa = PBXBuildFile; fileRef = 769AA1EE2CA53C2500CEE5DE /* CustomWKWebView.swift */; };
		769AA1F12CA540F100CEE5DE /* LinkListViewModel.swift in Sources */ = {isa = PBXBuildFile; fileRef = 769AA1F02CA540F100CEE5DE /* LinkListViewModel.swift */; };
		769AA1F42CA5417100CEE5DE /* TargetType.swift in Sources */ = {isa = PBXBuildFile; fileRef = 769AA1F32CA5417100CEE5DE /* TargetType.swift */; };
		769AA1F72CA5418800CEE5DE /* Alamofire in Frameworks */ = {isa = PBXBuildFile; productRef = 769AA1F62CA5418800CEE5DE /* Alamofire */; };
		769AA1F92CA541A200CEE5DE /* Router.swift in Sources */ = {isa = PBXBuildFile; fileRef = 769AA1F82CA541A200CEE5DE /* Router.swift */; };
		769AA1FB2CA541EF00CEE5DE /* Header.swift in Sources */ = {isa = PBXBuildFile; fileRef = 769AA1FA2CA541EF00CEE5DE /* Header.swift */; };
		769AA1FD2CA541FF00CEE5DE /* NetworkManager.swift in Sources */ = {isa = PBXBuildFile; fileRef = 769AA1FC2CA541FF00CEE5DE /* NetworkManager.swift */; };
		769AA1FF2CA5431400CEE5DE /* APIKey.swift in Sources */ = {isa = PBXBuildFile; fileRef = 769AA1FE2CA5431400CEE5DE /* APIKey.swift */; };
		769AA2022CA543CA00CEE5DE /* News.swift in Sources */ = {isa = PBXBuildFile; fileRef = 769AA2012CA543CA00CEE5DE /* News.swift */; };
		769AA2042CA5474E00CEE5DE /* NewsItems.swift in Sources */ = {isa = PBXBuildFile; fileRef = 769AA2032CA5474E00CEE5DE /* NewsItems.swift */; };
		769AA2062CA54A0A00CEE5DE /* String+.swift in Sources */ = {isa = PBXBuildFile; fileRef = 769AA2052CA54A0A00CEE5DE /* String+.swift */; };
		769B58EA2CA3E7FE00FB5503 /* GraphViewModel.swift in Sources */ = {isa = PBXBuildFile; fileRef = 769B58E92CA3E7FE00FB5503 /* GraphViewModel.swift */; };
		76A648F72C9C0B2F00C03092 /* TabBarView.swift in Sources */ = {isa = PBXBuildFile; fileRef = 76A648F62C9C0B2F00C03092 /* TabBarView.swift */; };
		76A648F92C9C0BE200C03092 /* HomeView.swift in Sources */ = {isa = PBXBuildFile; fileRef = 76A648F82C9C0BE200C03092 /* HomeView.swift */; };
		76A648FB2C9C0C0500C03092 /* CalendarView.swift in Sources */ = {isa = PBXBuildFile; fileRef = 76A648FA2C9C0C0500C03092 /* CalendarView.swift */; };
		76A648FD2C9C0DE700C03092 /* GraphView.swift in Sources */ = {isa = PBXBuildFile; fileRef = 76A648FC2C9C0DE700C03092 /* GraphView.swift */; };
		76A648FF2C9C0DED00C03092 /* GoalView.swift in Sources */ = {isa = PBXBuildFile; fileRef = 76A648FE2C9C0DED00C03092 /* GoalView.swift */; };
		76A7C5902C9FF9EA00ABB814 /* RealmSwift in Frameworks */ = {isa = PBXBuildFile; productRef = 76A7C58F2C9FF9EA00ABB814 /* RealmSwift */; };
		76A7C5932C9FFA2800ABB814 /* SmokingTable.swift in Sources */ = {isa = PBXBuildFile; fileRef = 76A7C5922C9FFA2800ABB814 /* SmokingTable.swift */; };
		76A7C5962C9FFAE200ABB814 /* SmokingTableRepository.swift in Sources */ = {isa = PBXBuildFile; fileRef = 76A7C5952C9FFAE200ABB814 /* SmokingTableRepository.swift */; };
		76A7C5992C9FFC1200ABB814 /* DateFormatterManager.swift in Sources */ = {isa = PBXBuildFile; fileRef = 76A7C5982C9FFC1200ABB814 /* DateFormatterManager.swift */; };
		76A7C59C2C9FFF7400ABB814 /* ViewModelType.swift in Sources */ = {isa = PBXBuildFile; fileRef = 76A7C59B2C9FFF7400ABB814 /* ViewModelType.swift */; };
		76A7C59E2C9FFFAE00ABB814 /* GoalViewModel.swift in Sources */ = {isa = PBXBuildFile; fileRef = 76A7C59D2C9FFFAE00ABB814 /* GoalViewModel.swift */; };
		76A7C5A42CA006A900ABB814 /* HomeViewModel.swift in Sources */ = {isa = PBXBuildFile; fileRef = 76A7C5A32CA006A900ABB814 /* HomeViewModel.swift */; };
/* End PBXBuildFile section */

/* Begin PBXFileReference section */
		760C7BA62C9D63A000CA78A6 /* Color+.swift */ = {isa = PBXFileReference; lastKnownFileType = sourcecode.swift; path = "Color+.swift"; sourceTree = "<group>"; };
		760C7BA92C9D63DE00CA78A6 /* Constant.swift */ = {isa = PBXFileReference; lastKnownFileType = sourcecode.swift; path = Constant.swift; sourceTree = "<group>"; };
		760C7BB32C9D6DF100CA78A6 /* FSCalendarView.swift */ = {isa = PBXFileReference; lastKnownFileType = sourcecode.swift; path = FSCalendarView.swift; sourceTree = "<group>"; };
		7623B0E22CA1516500CFD90B /* CalendarViewModel.swift */ = {isa = PBXFileReference; lastKnownFileType = sourcecode.swift; path = CalendarViewModel.swift; sourceTree = "<group>"; };
		7623B0E62CA1541400CFD90B /* SmokingData.swift */ = {isa = PBXFileReference; lastKnownFileType = sourcecode.swift; path = SmokingData.swift; sourceTree = "<group>"; };
		7691D5A92C9BE5A000AE5C14 /* NoDamHaJang.app */ = {isa = PBXFileReference; explicitFileType = wrapper.application; includeInIndex = 0; path = NoDamHaJang.app; sourceTree = BUILT_PRODUCTS_DIR; };
		7691D5AC2C9BE5A000AE5C14 /* NoDamHaJangApp.swift */ = {isa = PBXFileReference; lastKnownFileType = sourcecode.swift; path = NoDamHaJangApp.swift; sourceTree = "<group>"; };
		7691D5B02C9BE5A100AE5C14 /* Assets.xcassets */ = {isa = PBXFileReference; lastKnownFileType = folder.assetcatalog; path = Assets.xcassets; sourceTree = "<group>"; };
		7691D5B32C9BE5A100AE5C14 /* Preview Assets.xcassets */ = {isa = PBXFileReference; lastKnownFileType = folder.assetcatalog; path = "Preview Assets.xcassets"; sourceTree = "<group>"; };
		7691D5BA2C9BE5CF00AE5C14 /* .gitignore */ = {isa = PBXFileReference; lastKnownFileType = text; path = .gitignore; sourceTree = "<group>"; };
		769AA1EC2CA53B5400CEE5DE /* LinkListView.swift */ = {isa = PBXFileReference; lastKnownFileType = sourcecode.swift; path = LinkListView.swift; sourceTree = "<group>"; };
		769AA1EE2CA53C2500CEE5DE /* CustomWKWebView.swift */ = {isa = PBXFileReference; lastKnownFileType = sourcecode.swift; path = CustomWKWebView.swift; sourceTree = "<group>"; };
		769AA1F02CA540F100CEE5DE /* LinkListViewModel.swift */ = {isa = PBXFileReference; lastKnownFileType = sourcecode.swift; path = LinkListViewModel.swift; sourceTree = "<group>"; };
		769AA1F32CA5417100CEE5DE /* TargetType.swift */ = {isa = PBXFileReference; lastKnownFileType = sourcecode.swift; path = TargetType.swift; sourceTree = "<group>"; };
		769AA1F82CA541A200CEE5DE /* Router.swift */ = {isa = PBXFileReference; lastKnownFileType = sourcecode.swift; path = Router.swift; sourceTree = "<group>"; };
		769AA1FA2CA541EF00CEE5DE /* Header.swift */ = {isa = PBXFileReference; lastKnownFileType = sourcecode.swift; path = Header.swift; sourceTree = "<group>"; };
		769AA1FC2CA541FF00CEE5DE /* NetworkManager.swift */ = {isa = PBXFileReference; lastKnownFileType = sourcecode.swift; path = NetworkManager.swift; sourceTree = "<group>"; };
		769AA1FE2CA5431400CEE5DE /* APIKey.swift */ = {isa = PBXFileReference; lastKnownFileType = sourcecode.swift; path = APIKey.swift; sourceTree = "<group>"; };
		769AA2012CA543CA00CEE5DE /* News.swift */ = {isa = PBXFileReference; lastKnownFileType = sourcecode.swift; path = News.swift; sourceTree = "<group>"; };
		769AA2032CA5474E00CEE5DE /* NewsItems.swift */ = {isa = PBXFileReference; lastKnownFileType = sourcecode.swift; path = NewsItems.swift; sourceTree = "<group>"; };
		769AA2052CA54A0A00CEE5DE /* String+.swift */ = {isa = PBXFileReference; lastKnownFileType = sourcecode.swift; path = "String+.swift"; sourceTree = "<group>"; };
		769B58E92CA3E7FE00FB5503 /* GraphViewModel.swift */ = {isa = PBXFileReference; lastKnownFileType = sourcecode.swift; path = GraphViewModel.swift; sourceTree = "<group>"; };
		76A648F52C9C020900C03092 /* Info.plist */ = {isa = PBXFileReference; lastKnownFileType = text.plist; path = Info.plist; sourceTree = "<group>"; };
		76A648F62C9C0B2F00C03092 /* TabBarView.swift */ = {isa = PBXFileReference; lastKnownFileType = sourcecode.swift; path = TabBarView.swift; sourceTree = "<group>"; };
		76A648F82C9C0BE200C03092 /* HomeView.swift */ = {isa = PBXFileReference; lastKnownFileType = sourcecode.swift; path = HomeView.swift; sourceTree = "<group>"; };
		76A648FA2C9C0C0500C03092 /* CalendarView.swift */ = {isa = PBXFileReference; lastKnownFileType = sourcecode.swift; path = CalendarView.swift; sourceTree = "<group>"; };
		76A648FC2C9C0DE700C03092 /* GraphView.swift */ = {isa = PBXFileReference; lastKnownFileType = sourcecode.swift; path = GraphView.swift; sourceTree = "<group>"; };
		76A648FE2C9C0DED00C03092 /* GoalView.swift */ = {isa = PBXFileReference; lastKnownFileType = sourcecode.swift; path = GoalView.swift; sourceTree = "<group>"; };
		76A7C5922C9FFA2800ABB814 /* SmokingTable.swift */ = {isa = PBXFileReference; lastKnownFileType = sourcecode.swift; path = SmokingTable.swift; sourceTree = "<group>"; };
		76A7C5952C9FFAE200ABB814 /* SmokingTableRepository.swift */ = {isa = PBXFileReference; lastKnownFileType = sourcecode.swift; path = SmokingTableRepository.swift; sourceTree = "<group>"; };
		76A7C5982C9FFC1200ABB814 /* DateFormatterManager.swift */ = {isa = PBXFileReference; lastKnownFileType = sourcecode.swift; path = DateFormatterManager.swift; sourceTree = "<group>"; };
		76A7C59B2C9FFF7400ABB814 /* ViewModelType.swift */ = {isa = PBXFileReference; lastKnownFileType = sourcecode.swift; path = ViewModelType.swift; sourceTree = "<group>"; };
		76A7C59D2C9FFFAE00ABB814 /* GoalViewModel.swift */ = {isa = PBXFileReference; lastKnownFileType = sourcecode.swift; path = GoalViewModel.swift; sourceTree = "<group>"; };
		76A7C5A32CA006A900ABB814 /* HomeViewModel.swift */ = {isa = PBXFileReference; lastKnownFileType = sourcecode.swift; path = HomeViewModel.swift; sourceTree = "<group>"; };
/* End PBXFileReference section */

/* Begin PBXFrameworksBuildPhase section */
		7691D5A62C9BE5A000AE5C14 /* Frameworks */ = {
			isa = PBXFrameworksBuildPhase;
			buildActionMask = 2147483647;
			files = (
				769AA1F72CA5418800CEE5DE /* Alamofire in Frameworks */,
				76A7C5902C9FF9EA00ABB814 /* RealmSwift in Frameworks */,
				760C7BB22C9D6C8C00CA78A6 /* FSCalendar in Frameworks */,
			);
			runOnlyForDeploymentPostprocessing = 0;
		};
/* End PBXFrameworksBuildPhase section */

/* Begin PBXGroup section */
		760C7BA02C9D58FF00CA78A6 /* Home */ = {
			isa = PBXGroup;
			children = (
				769AA2002CA543BD00CEE5DE /* Model */,
				76A7C5A22CA0069B00ABB814 /* View */,
				76A7C5A12CA0069500ABB814 /* ViewModel */,
			);
			path = Home;
			sourceTree = "<group>";
		};
		760C7BA12C9D590700CA78A6 /* Goal */ = {
			isa = PBXGroup;
			children = (
				76A7C5A02CA0068800ABB814 /* View */,
				76A7C59F2CA0068200ABB814 /* ViewModel */,
			);
			path = Goal;
			sourceTree = "<group>";
		};
		760C7BA22C9D591000CA78A6 /* Graph */ = {
			isa = PBXGroup;
			children = (
				769B58E82CA3E7F100FB5503 /* View */,
				769B58E72CA3E7E900FB5503 /* ViewModel */,
			);
			path = Graph;
			sourceTree = "<group>";
		};
		760C7BA32C9D591900CA78A6 /* Calendar */ = {
			isa = PBXGroup;
			children = (
				7623B0E52CA153F800CFD90B /* Model */,
				7623B0E02CA14E7F00CFD90B /* View */,
				7623B0DF2CA14E7900CFD90B /* ViewModel */,
			);
			path = Calendar;
			sourceTree = "<group>";
		};
		760C7BA42C9D593200CA78A6 /* TabBar */ = {
			isa = PBXGroup;
			children = (
				76A648F62C9C0B2F00C03092 /* TabBarView.swift */,
			);
			path = TabBar;
			sourceTree = "<group>";
		};
		760C7BA52C9D636100CA78A6 /* Extension */ = {
			isa = PBXGroup;
			children = (
				760C7BA62C9D63A000CA78A6 /* Color+.swift */,
				769AA2052CA54A0A00CEE5DE /* String+.swift */,
			);
			path = Extension;
			sourceTree = "<group>";
		};
		760C7BA82C9D63CD00CA78A6 /* Helper */ = {
			isa = PBXGroup;
			children = (
				760C7BA92C9D63DE00CA78A6 /* Constant.swift */,
			);
			path = Helper;
			sourceTree = "<group>";
		};
		7623B0DF2CA14E7900CFD90B /* ViewModel */ = {
			isa = PBXGroup;
			children = (
				7623B0E22CA1516500CFD90B /* CalendarViewModel.swift */,
			);
			path = ViewModel;
			sourceTree = "<group>";
		};
		7623B0E02CA14E7F00CFD90B /* View */ = {
			isa = PBXGroup;
			children = (
				76A648FA2C9C0C0500C03092 /* CalendarView.swift */,
				760C7BB32C9D6DF100CA78A6 /* FSCalendarView.swift */,
			);
			path = View;
			sourceTree = "<group>";
		};
		7623B0E52CA153F800CFD90B /* Model */ = {
			isa = PBXGroup;
			children = (
				7623B0E62CA1541400CFD90B /* SmokingData.swift */,
			);
			path = Model;
			sourceTree = "<group>";
		};
		7691D5A02C9BE5A000AE5C14 = {
			isa = PBXGroup;
			children = (
				7691D5BA2C9BE5CF00AE5C14 /* .gitignore */,
				7691D5AB2C9BE5A000AE5C14 /* NoDamHaJang */,
				7691D5AA2C9BE5A000AE5C14 /* Products */,
			);
			sourceTree = "<group>";
		};
		7691D5AA2C9BE5A000AE5C14 /* Products */ = {
			isa = PBXGroup;
			children = (
				7691D5A92C9BE5A000AE5C14 /* NoDamHaJang.app */,
			);
			name = Products;
			sourceTree = "<group>";
		};
		7691D5AB2C9BE5A000AE5C14 /* NoDamHaJang */ = {
			isa = PBXGroup;
			children = (
				76A7C59A2C9FFF6500ABB814 /* Protocol */,
				76A7C5912C9FF9F400ABB814 /* Util */,
				760C7BA82C9D63CD00CA78A6 /* Helper */,
				760C7BA52C9D636100CA78A6 /* Extension */,
				7691D5AC2C9BE5A000AE5C14 /* NoDamHaJangApp.swift */,
				760C7BA42C9D593200CA78A6 /* TabBar */,
				760C7BA02C9D58FF00CA78A6 /* Home */,
				760C7BA32C9D591900CA78A6 /* Calendar */,
				760C7BA22C9D591000CA78A6 /* Graph */,
				760C7BA12C9D590700CA78A6 /* Goal */,
				76A648F52C9C020900C03092 /* Info.plist */,
				7691D5B02C9BE5A100AE5C14 /* Assets.xcassets */,
				7691D5B22C9BE5A100AE5C14 /* Preview Content */,
			);
			path = NoDamHaJang;
			sourceTree = "<group>";
		};
		7691D5B22C9BE5A100AE5C14 /* Preview Content */ = {
			isa = PBXGroup;
			children = (
				7691D5B32C9BE5A100AE5C14 /* Preview Assets.xcassets */,
			);
			path = "Preview Content";
			sourceTree = "<group>";
		};
		769AA1F22CA5412B00CEE5DE /* Network */ = {
			isa = PBXGroup;
			children = (
				769AA1FE2CA5431400CEE5DE /* APIKey.swift */,
				769AA1F32CA5417100CEE5DE /* TargetType.swift */,
				769AA1F82CA541A200CEE5DE /* Router.swift */,
				769AA1FA2CA541EF00CEE5DE /* Header.swift */,
				769AA1FC2CA541FF00CEE5DE /* NetworkManager.swift */,
			);
			path = Network;
			sourceTree = "<group>";
		};
		769AA2002CA543BD00CEE5DE /* Model */ = {
			isa = PBXGroup;
			children = (
				769AA2012CA543CA00CEE5DE /* News.swift */,
				769AA2032CA5474E00CEE5DE /* NewsItems.swift */,
			);
			path = Model;
			sourceTree = "<group>";
		};
		769B58E72CA3E7E900FB5503 /* ViewModel */ = {
			isa = PBXGroup;
			children = (
				769B58E92CA3E7FE00FB5503 /* GraphViewModel.swift */,
			);
			path = ViewModel;
			sourceTree = "<group>";
		};
		769B58E82CA3E7F100FB5503 /* View */ = {
			isa = PBXGroup;
			children = (
				76A648FC2C9C0DE700C03092 /* GraphView.swift */,
			);
			path = View;
			sourceTree = "<group>";
		};
		76A7C5912C9FF9F400ABB814 /* Util */ = {
			isa = PBXGroup;
			children = (
				769AA1F22CA5412B00CEE5DE /* Network */,
				76A7C5972C9FFC0200ABB814 /* Formatter */,
				76A7C5942C9FFACE00ABB814 /* Realm */,
			);
			path = Util;
			sourceTree = "<group>";
		};
		76A7C5942C9FFACE00ABB814 /* Realm */ = {
			isa = PBXGroup;
			children = (
				76A7C5922C9FFA2800ABB814 /* SmokingTable.swift */,
				76A7C5952C9FFAE200ABB814 /* SmokingTableRepository.swift */,
			);
			path = Realm;
			sourceTree = "<group>";
		};
		76A7C5972C9FFC0200ABB814 /* Formatter */ = {
			isa = PBXGroup;
			children = (
				76A7C5982C9FFC1200ABB814 /* DateFormatterManager.swift */,
			);
			path = Formatter;
			sourceTree = "<group>";
		};
		76A7C59A2C9FFF6500ABB814 /* Protocol */ = {
			isa = PBXGroup;
			children = (
				76A7C59B2C9FFF7400ABB814 /* ViewModelType.swift */,
			);
			path = Protocol;
			sourceTree = "<group>";
		};
		76A7C59F2CA0068200ABB814 /* ViewModel */ = {
			isa = PBXGroup;
			children = (
				76A7C59D2C9FFFAE00ABB814 /* GoalViewModel.swift */,
			);
			path = ViewModel;
			sourceTree = "<group>";
		};
		76A7C5A02CA0068800ABB814 /* View */ = {
			isa = PBXGroup;
			children = (
				76A648FE2C9C0DED00C03092 /* GoalView.swift */,
			);
			path = View;
			sourceTree = "<group>";
		};
		76A7C5A12CA0069500ABB814 /* ViewModel */ = {
			isa = PBXGroup;
			children = (
				76A7C5A32CA006A900ABB814 /* HomeViewModel.swift */,
				769AA1F02CA540F100CEE5DE /* LinkListViewModel.swift */,
			);
			path = ViewModel;
			sourceTree = "<group>";
		};
		76A7C5A22CA0069B00ABB814 /* View */ = {
			isa = PBXGroup;
			children = (
				76A648F82C9C0BE200C03092 /* HomeView.swift */,
				769AA1EC2CA53B5400CEE5DE /* LinkListView.swift */,
				769AA1EE2CA53C2500CEE5DE /* CustomWKWebView.swift */,
			);
			path = View;
			sourceTree = "<group>";
		};
/* End PBXGroup section */

/* Begin PBXNativeTarget section */
		7691D5A82C9BE5A000AE5C14 /* NoDamHaJang */ = {
			isa = PBXNativeTarget;
			buildConfigurationList = 7691D5B72C9BE5A100AE5C14 /* Build configuration list for PBXNativeTarget "NoDamHaJang" */;
			buildPhases = (
				7691D5A52C9BE5A000AE5C14 /* Sources */,
				7691D5A62C9BE5A000AE5C14 /* Frameworks */,
				7691D5A72C9BE5A000AE5C14 /* Resources */,
			);
			buildRules = (
			);
			dependencies = (
			);
			name = NoDamHaJang;
			packageProductDependencies = (
				760C7BB12C9D6C8C00CA78A6 /* FSCalendar */,
				76A7C58F2C9FF9EA00ABB814 /* RealmSwift */,
				769AA1F62CA5418800CEE5DE /* Alamofire */,
			);
			productName = NoDamHaJang;
			productReference = 7691D5A92C9BE5A000AE5C14 /* NoDamHaJang.app */;
			productType = "com.apple.product-type.application";
		};
/* End PBXNativeTarget section */

/* Begin PBXProject section */
		7691D5A12C9BE5A000AE5C14 /* Project object */ = {
			isa = PBXProject;
			attributes = {
				BuildIndependentTargetsInParallel = 1;
				LastSwiftUpdateCheck = 1540;
				LastUpgradeCheck = 1540;
				TargetAttributes = {
					7691D5A82C9BE5A000AE5C14 = {
						CreatedOnToolsVersion = 15.4;
					};
				};
			};
			buildConfigurationList = 7691D5A42C9BE5A000AE5C14 /* Build configuration list for PBXProject "NoDamHaJang" */;
			compatibilityVersion = "Xcode 14.0";
			developmentRegion = en;
			hasScannedForEncodings = 0;
			knownRegions = (
				en,
				Base,
			);
			mainGroup = 7691D5A02C9BE5A000AE5C14;
			packageReferences = (
				760C7BB02C9D6C8C00CA78A6 /* XCRemoteSwiftPackageReference "FSCalendar" */,
				76A7C58E2C9FF9EA00ABB814 /* XCRemoteSwiftPackageReference "realm-swift" */,
				769AA1F52CA5418800CEE5DE /* XCRemoteSwiftPackageReference "Alamofire" */,
			);
			productRefGroup = 7691D5AA2C9BE5A000AE5C14 /* Products */;
			projectDirPath = "";
			projectRoot = "";
			targets = (
				7691D5A82C9BE5A000AE5C14 /* NoDamHaJang */,
			);
		};
/* End PBXProject section */

/* Begin PBXResourcesBuildPhase section */
		7691D5A72C9BE5A000AE5C14 /* Resources */ = {
			isa = PBXResourcesBuildPhase;
			buildActionMask = 2147483647;
			files = (
				7691D5B42C9BE5A100AE5C14 /* Preview Assets.xcassets in Resources */,
				7691D5BB2C9BE5CF00AE5C14 /* .gitignore in Resources */,
				7691D5B12C9BE5A100AE5C14 /* Assets.xcassets in Resources */,
			);
			runOnlyForDeploymentPostprocessing = 0;
		};
/* End PBXResourcesBuildPhase section */

/* Begin PBXSourcesBuildPhase section */
		7691D5A52C9BE5A000AE5C14 /* Sources */ = {
			isa = PBXSourcesBuildPhase;
			buildActionMask = 2147483647;
			files = (
				760C7BA72C9D63A000CA78A6 /* Color+.swift in Sources */,
				76A648FD2C9C0DE700C03092 /* GraphView.swift in Sources */,
				769AA1EF2CA53C2500CEE5DE /* CustomWKWebView.swift in Sources */,
				76A648FF2C9C0DED00C03092 /* GoalView.swift in Sources */,
				760C7BAA2C9D63DE00CA78A6 /* Constant.swift in Sources */,
				769AA1ED2CA53B5400CEE5DE /* LinkListView.swift in Sources */,
				760C7BB42C9D6DF100CA78A6 /* FSCalendarView.swift in Sources */,
				76A7C5932C9FFA2800ABB814 /* SmokingTable.swift in Sources */,
				76A648F92C9C0BE200C03092 /* HomeView.swift in Sources */,
				76A7C59E2C9FFFAE00ABB814 /* GoalViewModel.swift in Sources */,
				7623B0E32CA1516500CFD90B /* CalendarViewModel.swift in Sources */,
				76A648F72C9C0B2F00C03092 /* TabBarView.swift in Sources */,
				76A648FB2C9C0C0500C03092 /* CalendarView.swift in Sources */,
				769B58EA2CA3E7FE00FB5503 /* GraphViewModel.swift in Sources */,
				769AA1F12CA540F100CEE5DE /* LinkListViewModel.swift in Sources */,
				76A7C5962C9FFAE200ABB814 /* SmokingTableRepository.swift in Sources */,
				769AA1FB2CA541EF00CEE5DE /* Header.swift in Sources */,
				769AA1F92CA541A200CEE5DE /* Router.swift in Sources */,
				76A7C5992C9FFC1200ABB814 /* DateFormatterManager.swift in Sources */,
				7691D5AD2C9BE5A000AE5C14 /* NoDamHaJangApp.swift in Sources */,
				76A7C5A42CA006A900ABB814 /* HomeViewModel.swift in Sources */,
				769AA2022CA543CA00CEE5DE /* News.swift in Sources */,
				7623B0E72CA1541400CFD90B /* SmokingData.swift in Sources */,
				769AA1FD2CA541FF00CEE5DE /* NetworkManager.swift in Sources */,
				769AA1F42CA5417100CEE5DE /* TargetType.swift in Sources */,
				769AA2062CA54A0A00CEE5DE /* String+.swift in Sources */,
				769AA2042CA5474E00CEE5DE /* NewsItems.swift in Sources */,
				769AA1FF2CA5431400CEE5DE /* APIKey.swift in Sources */,
				76A7C59C2C9FFF7400ABB814 /* ViewModelType.swift in Sources */,
			);
			runOnlyForDeploymentPostprocessing = 0;
		};
/* End PBXSourcesBuildPhase section */

/* Begin XCBuildConfiguration section */
		7691D5B52C9BE5A100AE5C14 /* Debug */ = {
			isa = XCBuildConfiguration;
			buildSettings = {
				ALWAYS_SEARCH_USER_PATHS = NO;
				ASSETCATALOG_COMPILER_GENERATE_SWIFT_ASSET_SYMBOL_EXTENSIONS = YES;
				CLANG_ANALYZER_NONNULL = YES;
				CLANG_ANALYZER_NUMBER_OBJECT_CONVERSION = YES_AGGRESSIVE;
				CLANG_CXX_LANGUAGE_STANDARD = "gnu++20";
				CLANG_ENABLE_MODULES = YES;
				CLANG_ENABLE_OBJC_ARC = YES;
				CLANG_ENABLE_OBJC_WEAK = YES;
				CLANG_WARN_BLOCK_CAPTURE_AUTORELEASING = YES;
				CLANG_WARN_BOOL_CONVERSION = YES;
				CLANG_WARN_COMMA = YES;
				CLANG_WARN_CONSTANT_CONVERSION = YES;
				CLANG_WARN_DEPRECATED_OBJC_IMPLEMENTATIONS = YES;
				CLANG_WARN_DIRECT_OBJC_ISA_USAGE = YES_ERROR;
				CLANG_WARN_DOCUMENTATION_COMMENTS = YES;
				CLANG_WARN_EMPTY_BODY = YES;
				CLANG_WARN_ENUM_CONVERSION = YES;
				CLANG_WARN_INFINITE_RECURSION = YES;
				CLANG_WARN_INT_CONVERSION = YES;
				CLANG_WARN_NON_LITERAL_NULL_CONVERSION = YES;
				CLANG_WARN_OBJC_IMPLICIT_RETAIN_SELF = YES;
				CLANG_WARN_OBJC_LITERAL_CONVERSION = YES;
				CLANG_WARN_OBJC_ROOT_CLASS = YES_ERROR;
				CLANG_WARN_QUOTED_INCLUDE_IN_FRAMEWORK_HEADER = YES;
				CLANG_WARN_RANGE_LOOP_ANALYSIS = YES;
				CLANG_WARN_STRICT_PROTOTYPES = YES;
				CLANG_WARN_SUSPICIOUS_MOVE = YES;
				CLANG_WARN_UNGUARDED_AVAILABILITY = YES_AGGRESSIVE;
				CLANG_WARN_UNREACHABLE_CODE = YES;
				CLANG_WARN__DUPLICATE_METHOD_MATCH = YES;
				COPY_PHASE_STRIP = NO;
				DEBUG_INFORMATION_FORMAT = dwarf;
				ENABLE_STRICT_OBJC_MSGSEND = YES;
				ENABLE_TESTABILITY = YES;
				ENABLE_USER_SCRIPT_SANDBOXING = YES;
				GCC_C_LANGUAGE_STANDARD = gnu17;
				GCC_DYNAMIC_NO_PIC = NO;
				GCC_NO_COMMON_BLOCKS = YES;
				GCC_OPTIMIZATION_LEVEL = 0;
				GCC_PREPROCESSOR_DEFINITIONS = (
					"DEBUG=1",
					"$(inherited)",
				);
				GCC_WARN_64_TO_32_BIT_CONVERSION = YES;
				GCC_WARN_ABOUT_RETURN_TYPE = YES_ERROR;
				GCC_WARN_UNDECLARED_SELECTOR = YES;
				GCC_WARN_UNINITIALIZED_AUTOS = YES_AGGRESSIVE;
				GCC_WARN_UNUSED_FUNCTION = YES;
				GCC_WARN_UNUSED_VARIABLE = YES;
				IPHONEOS_DEPLOYMENT_TARGET = 17.5;
				LOCALIZATION_PREFERS_STRING_CATALOGS = YES;
				MTL_ENABLE_DEBUG_INFO = INCLUDE_SOURCE;
				MTL_FAST_MATH = YES;
				ONLY_ACTIVE_ARCH = YES;
				SDKROOT = iphoneos;
				SWIFT_ACTIVE_COMPILATION_CONDITIONS = "DEBUG $(inherited)";
				SWIFT_OPTIMIZATION_LEVEL = "-Onone";
			};
			name = Debug;
		};
		7691D5B62C9BE5A100AE5C14 /* Release */ = {
			isa = XCBuildConfiguration;
			buildSettings = {
				ALWAYS_SEARCH_USER_PATHS = NO;
				ASSETCATALOG_COMPILER_GENERATE_SWIFT_ASSET_SYMBOL_EXTENSIONS = YES;
				CLANG_ANALYZER_NONNULL = YES;
				CLANG_ANALYZER_NUMBER_OBJECT_CONVERSION = YES_AGGRESSIVE;
				CLANG_CXX_LANGUAGE_STANDARD = "gnu++20";
				CLANG_ENABLE_MODULES = YES;
				CLANG_ENABLE_OBJC_ARC = YES;
				CLANG_ENABLE_OBJC_WEAK = YES;
				CLANG_WARN_BLOCK_CAPTURE_AUTORELEASING = YES;
				CLANG_WARN_BOOL_CONVERSION = YES;
				CLANG_WARN_COMMA = YES;
				CLANG_WARN_CONSTANT_CONVERSION = YES;
				CLANG_WARN_DEPRECATED_OBJC_IMPLEMENTATIONS = YES;
				CLANG_WARN_DIRECT_OBJC_ISA_USAGE = YES_ERROR;
				CLANG_WARN_DOCUMENTATION_COMMENTS = YES;
				CLANG_WARN_EMPTY_BODY = YES;
				CLANG_WARN_ENUM_CONVERSION = YES;
				CLANG_WARN_INFINITE_RECURSION = YES;
				CLANG_WARN_INT_CONVERSION = YES;
				CLANG_WARN_NON_LITERAL_NULL_CONVERSION = YES;
				CLANG_WARN_OBJC_IMPLICIT_RETAIN_SELF = YES;
				CLANG_WARN_OBJC_LITERAL_CONVERSION = YES;
				CLANG_WARN_OBJC_ROOT_CLASS = YES_ERROR;
				CLANG_WARN_QUOTED_INCLUDE_IN_FRAMEWORK_HEADER = YES;
				CLANG_WARN_RANGE_LOOP_ANALYSIS = YES;
				CLANG_WARN_STRICT_PROTOTYPES = YES;
				CLANG_WARN_SUSPICIOUS_MOVE = YES;
				CLANG_WARN_UNGUARDED_AVAILABILITY = YES_AGGRESSIVE;
				CLANG_WARN_UNREACHABLE_CODE = YES;
				CLANG_WARN__DUPLICATE_METHOD_MATCH = YES;
				COPY_PHASE_STRIP = NO;
				DEBUG_INFORMATION_FORMAT = "dwarf-with-dsym";
				ENABLE_NS_ASSERTIONS = NO;
				ENABLE_STRICT_OBJC_MSGSEND = YES;
				ENABLE_USER_SCRIPT_SANDBOXING = YES;
				GCC_C_LANGUAGE_STANDARD = gnu17;
				GCC_NO_COMMON_BLOCKS = YES;
				GCC_WARN_64_TO_32_BIT_CONVERSION = YES;
				GCC_WARN_ABOUT_RETURN_TYPE = YES_ERROR;
				GCC_WARN_UNDECLARED_SELECTOR = YES;
				GCC_WARN_UNINITIALIZED_AUTOS = YES_AGGRESSIVE;
				GCC_WARN_UNUSED_FUNCTION = YES;
				GCC_WARN_UNUSED_VARIABLE = YES;
				IPHONEOS_DEPLOYMENT_TARGET = 17.5;
				LOCALIZATION_PREFERS_STRING_CATALOGS = YES;
				MTL_ENABLE_DEBUG_INFO = NO;
				MTL_FAST_MATH = YES;
				SDKROOT = iphoneos;
				SWIFT_COMPILATION_MODE = wholemodule;
				VALIDATE_PRODUCT = YES;
			};
			name = Release;
		};
		7691D5B82C9BE5A100AE5C14 /* Debug */ = {
			isa = XCBuildConfiguration;
			buildSettings = {
				ASSETCATALOG_COMPILER_APPICON_NAME = AppIcon;
				ASSETCATALOG_COMPILER_GLOBAL_ACCENT_COLOR_NAME = AccentColor;
				CODE_SIGN_STYLE = Automatic;
				CURRENT_PROJECT_VERSION = 1;
				DEVELOPMENT_ASSET_PATHS = "\"NoDamHaJang/Preview Content\"";
				DEVELOPMENT_TEAM = A9AQ72K5MY;
				ENABLE_PREVIEWS = YES;
				GENERATE_INFOPLIST_FILE = YES;
				INFOPLIST_FILE = NoDamHaJang/Info.plist;
				INFOPLIST_KEY_UIApplicationSceneManifest_Generation = YES;
				INFOPLIST_KEY_UIApplicationSupportsIndirectInputEvents = YES;
				INFOPLIST_KEY_UILaunchScreen_Generation = YES;
				INFOPLIST_KEY_UISupportedInterfaceOrientations = UIInterfaceOrientationPortrait;
				INFOPLIST_KEY_UISupportedInterfaceOrientations_iPad = UIInterfaceOrientationPortrait;
				INFOPLIST_KEY_UIUserInterfaceStyle = Light;
				IPHONEOS_DEPLOYMENT_TARGET = 16.0;
				LD_RUNPATH_SEARCH_PATHS = (
					"$(inherited)",
					"@executable_path/Frameworks",
				);
				MARKETING_VERSION = 1.0;
				PRODUCT_BUNDLE_IDENTIFIER = com.iyeah.NoDamHaJang;
				PRODUCT_NAME = "$(TARGET_NAME)";
				SUPPORTED_PLATFORMS = "iphoneos iphonesimulator";
				SUPPORTS_MACCATALYST = NO;
				SUPPORTS_MAC_DESIGNED_FOR_IPHONE_IPAD = NO;
				SUPPORTS_XR_DESIGNED_FOR_IPHONE_IPAD = NO;
				SWIFT_EMIT_LOC_STRINGS = YES;
				SWIFT_VERSION = 5.0;
				TARGETED_DEVICE_FAMILY = 1;
			};
			name = Debug;
		};
		7691D5B92C9BE5A100AE5C14 /* Release */ = {
			isa = XCBuildConfiguration;
			buildSettings = {
				ASSETCATALOG_COMPILER_APPICON_NAME = AppIcon;
				ASSETCATALOG_COMPILER_GLOBAL_ACCENT_COLOR_NAME = AccentColor;
				CODE_SIGN_STYLE = Automatic;
				CURRENT_PROJECT_VERSION = 1;
				DEVELOPMENT_ASSET_PATHS = "\"NoDamHaJang/Preview Content\"";
				DEVELOPMENT_TEAM = A9AQ72K5MY;
				ENABLE_PREVIEWS = YES;
				GENERATE_INFOPLIST_FILE = YES;
				INFOPLIST_FILE = NoDamHaJang/Info.plist;
				INFOPLIST_KEY_UIApplicationSceneManifest_Generation = YES;
				INFOPLIST_KEY_UIApplicationSupportsIndirectInputEvents = YES;
				INFOPLIST_KEY_UILaunchScreen_Generation = YES;
				INFOPLIST_KEY_UISupportedInterfaceOrientations = UIInterfaceOrientationPortrait;
				INFOPLIST_KEY_UISupportedInterfaceOrientations_iPad = UIInterfaceOrientationPortrait;
				INFOPLIST_KEY_UIUserInterfaceStyle = Light;
				IPHONEOS_DEPLOYMENT_TARGET = 16.0;
				LD_RUNPATH_SEARCH_PATHS = (
					"$(inherited)",
					"@executable_path/Frameworks",
				);
				MARKETING_VERSION = 1.0;
				PRODUCT_BUNDLE_IDENTIFIER = com.iyeah.NoDamHaJang;
				PRODUCT_NAME = "$(TARGET_NAME)";
				SUPPORTED_PLATFORMS = "iphoneos iphonesimulator";
				SUPPORTS_MACCATALYST = NO;
				SUPPORTS_MAC_DESIGNED_FOR_IPHONE_IPAD = NO;
				SUPPORTS_XR_DESIGNED_FOR_IPHONE_IPAD = NO;
				SWIFT_EMIT_LOC_STRINGS = YES;
				SWIFT_VERSION = 5.0;
				TARGETED_DEVICE_FAMILY = 1;
			};
			name = Release;
		};
/* End XCBuildConfiguration section */

/* Begin XCConfigurationList section */
		7691D5A42C9BE5A000AE5C14 /* Build configuration list for PBXProject "NoDamHaJang" */ = {
			isa = XCConfigurationList;
			buildConfigurations = (
				7691D5B52C9BE5A100AE5C14 /* Debug */,
				7691D5B62C9BE5A100AE5C14 /* Release */,
			);
			defaultConfigurationIsVisible = 0;
			defaultConfigurationName = Release;
		};
		7691D5B72C9BE5A100AE5C14 /* Build configuration list for PBXNativeTarget "NoDamHaJang" */ = {
			isa = XCConfigurationList;
			buildConfigurations = (
				7691D5B82C9BE5A100AE5C14 /* Debug */,
				7691D5B92C9BE5A100AE5C14 /* Release */,
			);
			defaultConfigurationIsVisible = 0;
			defaultConfigurationName = Release;
		};
/* End XCConfigurationList section */

/* Begin XCRemoteSwiftPackageReference section */
		760C7BB02C9D6C8C00CA78A6 /* XCRemoteSwiftPackageReference "FSCalendar" */ = {
			isa = XCRemoteSwiftPackageReference;
			repositoryURL = "https://github.com/WenchaoD/FSCalendar.git";
			requirement = {
				kind = upToNextMajorVersion;
				minimumVersion = 2.8.4;
			};
		};
		769AA1F52CA5418800CEE5DE /* XCRemoteSwiftPackageReference "Alamofire" */ = {
			isa = XCRemoteSwiftPackageReference;
			repositoryURL = "https://github.com/Alamofire/Alamofire.git";
			requirement = {
				kind = upToNextMajorVersion;
				minimumVersion = 5.9.1;
			};
		};
		76A7C58E2C9FF9EA00ABB814 /* XCRemoteSwiftPackageReference "realm-swift" */ = {
			isa = XCRemoteSwiftPackageReference;
			repositoryURL = "https://github.com/realm/realm-swift.git";
			requirement = {
				kind = exactVersion;
				version = 10.54.0;
			};
		};
/* End XCRemoteSwiftPackageReference section */

/* Begin XCSwiftPackageProductDependency section */
		760C7BB12C9D6C8C00CA78A6 /* FSCalendar */ = {
			isa = XCSwiftPackageProductDependency;
			package = 760C7BB02C9D6C8C00CA78A6 /* XCRemoteSwiftPackageReference "FSCalendar" */;
			productName = FSCalendar;
		};
		769AA1F62CA5418800CEE5DE /* Alamofire */ = {
			isa = XCSwiftPackageProductDependency;
			package = 769AA1F52CA5418800CEE5DE /* XCRemoteSwiftPackageReference "Alamofire" */;
			productName = Alamofire;
		};
		76A7C58F2C9FF9EA00ABB814 /* RealmSwift */ = {
			isa = XCSwiftPackageProductDependency;
			package = 76A7C58E2C9FF9EA00ABB814 /* XCRemoteSwiftPackageReference "realm-swift" */;
			productName = RealmSwift;
		};
/* End XCSwiftPackageProductDependency section */
	};
	rootObject = 7691D5A12C9BE5A000AE5C14 /* Project object */;
}
